// !$*UTF8*$!
{
	archiveVersion = 1;
	classes = {
	};
	objectVersion = 46;
	objects = {

/* Begin PBXBuildFile section */
		3C8C29491C6ABEBF006D31EB /* AppDelegate.swift in Sources */ = {isa = PBXBuildFile; fileRef = 3C8C29481C6ABEBF006D31EB /* AppDelegate.swift */; };
		3C8C294B1C6ABEBF006D31EB /* ViewController.swift in Sources */ = {isa = PBXBuildFile; fileRef = 3C8C294A1C6ABEBF006D31EB /* ViewController.swift */; };
		3C8C294E1C6ABEBF006D31EB /* Main.storyboard in Resources */ = {isa = PBXBuildFile; fileRef = 3C8C294C1C6ABEBF006D31EB /* Main.storyboard */; };
		3C8C29501C6ABEBF006D31EB /* Assets.xcassets in Resources */ = {isa = PBXBuildFile; fileRef = 3C8C294F1C6ABEBF006D31EB /* Assets.xcassets */; };
		3C8C29531C6ABEBF006D31EB /* LaunchScreen.storyboard in Resources */ = {isa = PBXBuildFile; fileRef = 3C8C29511C6ABEBF006D31EB /* LaunchScreen.storyboard */; };
/* End PBXBuildFile section */

/* Begin PBXFileReference section */
		3C8C29451C6ABEBF006D31EB /* Indata RSS Data.app */ = {isa = PBXFileReference; explicitFileType = wrapper.application; includeInIndex = 0; path = "Indata RSS Data.app"; sourceTree = BUILT_PRODUCTS_DIR; };
		3C8C29481C6ABEBF006D31EB /* AppDelegate.swift */ = {isa = PBXFileReference; lastKnownFileType = sourcecode.swift; path = AppDelegate.swift; sourceTree = "<group>"; };
		3C8C294A1C6ABEBF006D31EB /* ViewController.swift */ = {isa = PBXFileReference; lastKnownFileType = sourcecode.swift; path = ViewController.swift; sourceTree = "<group>"; };
		3C8C294D1C6ABEBF006D31EB /* Base */ = {isa = PBXFileReference; lastKnownFileType = file.storyboard; name = Base; path = Base.lproj/Main.storyboard; sourceTree = "<group>"; };
		3C8C294F1C6ABEBF006D31EB /* Assets.xcassets */ = {isa = PBXFileReference; lastKnownFileType = folder.assetcatalog; path = Assets.xcassets; sourceTree = "<group>"; };
		3C8C29521C6ABEBF006D31EB /* Base */ = {isa = PBXFileReference; lastKnownFileType = file.storyboard; name = Base; path = Base.lproj/LaunchScreen.storyboard; sourceTree = "<group>"; };
		3C8C29541C6ABEBF006D31EB /* Info.plist */ = {isa = PBXFileReference; lastKnownFileType = text.plist.xml; path = Info.plist; sourceTree = "<group>"; };
/* End PBXFileReference section */

/* Begin PBXFrameworksBuildPhase section */
		3C8C29421C6ABEBF006D31EB /* Frameworks */ = {
			isa = PBXFrameworksBuildPhase;
			buildActionMask = 2147483647;
			files = (
			);
			runOnlyForDeploymentPostprocessing = 0;
		};
/* End PBXFrameworksBuildPhase section */

/* Begin PBXGroup section */
		3C8C293C1C6ABEBF006D31EB = {
			isa = PBXGroup;
			children = (
				3C8C29471C6ABEBF006D31EB /* Indata RSS Data */,
				3C8C29461C6ABEBF006D31EB /* Products */,
			);
			sourceTree = "<group>";
		};
		3C8C29461C6ABEBF006D31EB /* Products */ = {
			isa = PBXGroup;
			children = (
				3C8C29451C6ABEBF006D31EB /* Indata RSS Data.app */,
			);
			name = Products;
			sourceTree = "<group>";
		};
		3C8C29471C6ABEBF006D31EB /* Indata RSS Data */ = {
			isa = PBXGroup;
			children = (
				3C8C29481C6ABEBF006D31EB /* AppDelegate.swift */,
				3C8C294A1C6ABEBF006D31EB /* ViewController.swift */,
				3C8C294C1C6ABEBF006D31EB /* Main.storyboard */,
				3C8C294F1C6ABEBF006D31EB /* Assets.xcassets */,
				3C8C29511C6ABEBF006D31EB /* LaunchScreen.storyboard */,
				3C8C29541C6ABEBF006D31EB /* Info.plist */,
			);
			path = "Indata RSS Data";
			sourceTree = "<group>";
		};
/* End PBXGroup section */

/* Begin PBXNativeTarget section */
		3C8C29441C6ABEBF006D31EB /* Indata RSS Data */ = {
			isa = PBXNativeTarget;
			buildConfigurationList = 3C8C29571C6ABEBF006D31EB /* Build configuration list for PBXNativeTarget "Indata RSS Data" */;
			buildPhases = (
				3C8C29411C6ABEBF006D31EB /* Sources */,
				3C8C29421C6ABEBF006D31EB /* Frameworks */,
				3C8C29431C6ABEBF006D31EB /* Resources */,
			);
			buildRules = (
			);
			dependencies = (
			);
			name = "Indata RSS Data";
			productName = "Indata RSS Data";
			productReference = 3C8C29451C6ABEBF006D31EB /* Indata RSS Data.app */;
			productType = "com.apple.product-type.application";
		};
/* End PBXNativeTarget section */

/* Begin PBXProject section */
		3C8C293D1C6ABEBF006D31EB /* Project object */ = {
			isa = PBXProject;
			attributes = {
				LastSwiftUpdateCheck = 0720;
				LastUpgradeCheck = 0720;
				ORGANIZATIONNAME = IUPUI;
				TargetAttributes = {
					3C8C29441C6ABEBF006D31EB = {
						CreatedOnToolsVersion = 7.2;
					};
				};
			};
			buildConfigurationList = 3C8C29401C6ABEBF006D31EB /* Build configuration list for PBXProject "Indata RSS Data" */;
			compatibilityVersion = "Xcode 3.2";
			developmentRegion = English;
			hasScannedForEncodings = 0;
			knownRegions = (
				en,
				Base,
			);
			mainGroup = 3C8C293C1C6ABEBF006D31EB;
			productRefGroup = 3C8C29461C6ABEBF006D31EB /* Products */;
			projectDirPath = "";
			projectRoot = "";
			targets = (
				3C8C29441C6ABEBF006D31EB /* Indata RSS Data */,
			);
		};
/* End PBXProject section */

/* Begin PBXResourcesBuildPhase section */
		3C8C29431C6ABEBF006D31EB /* Resources */ = {
			isa = PBXResourcesBuildPhase;
			buildActionMask = 2147483647;
			files = (
				3C8C29531C6ABEBF006D31EB /* LaunchScreen.storyboard in Resources */,
				3C8C29501C6ABEBF006D31EB /* Assets.xcassets in Resources */,
				3C8C294E1C6ABEBF006D31EB /* Main.storyboard in Resources */,
			);
			runOnlyForDeploymentPostprocessing = 0;
		};
/* End PBXResourcesBuildPhase section */

/* Begin PBXSourcesBuildPhase section */
		3C8C29411C6ABEBF006D31EB /* Sources */ = {
			isa = PBXSourcesBuildPhase;
			buildActionMask = 2147483647;
			files = (
				3C8C294B1C6ABEBF006D31EB /* ViewController.swift in Sources */,
				3C8C29491C6ABEBF006D31EB /* AppDelegate.swift in Sources */,
			);
			runOnlyForDeploymentPostprocessing = 0;
		};
/* End PBXSourcesBuildPhase section */

/* Begin PBXVariantGroup section */
		3C8C294C1C6ABEBF006D31EB /* Main.storyboard */ = {
			isa = PBXVariantGroup;
			children = (
				3C8C294D1C6ABEBF006D31EB /* Base */,
			);
			name = Main.storyboard;
			sourceTree = "<group>";
		};
		3C8C29511C6ABEBF006D31EB /* LaunchScreen.storyboard */ = {
			isa = PBXVariantGroup;
			children = (
				3C8C29521C6ABEBF006D31EB /* Base */,
			);
			name = LaunchScreen.storyboard;
			sourceTree = "<group>";
		};
/* End PBXVariantGroup section */

/* Begin XCBuildConfiguration section */
		3C8C29551C6ABEBF006D31EB /* Debug */ = {
			isa = XCBuildConfiguration;
			buildSettings = {
				ALWAYS_SEARCH_USER_PATHS = NO;
				CLANG_CXX_LANGUAGE_STANDARD = "gnu++0x";
				CLANG_CXX_LIBRARY = "libc++";
				CLANG_ENABLE_MODULES = YES;
				CLANG_ENABLE_OBJC_ARC = YES;
				CLANG_WARN_BOOL_CONVERSION = YES;
				CLANG_WARN_CONSTANT_CONVERSION = YES;
				CLANG_WARN_DIRECT_OBJC_ISA_USAGE = YES_ERROR;
				CLANG_WARN_EMPTY_BODY = YES;
				CLANG_WARN_ENUM_CONVERSION = YES;
				CLANG_WARN_INT_CONVERSION = YES;
				CLANG_WARN_OBJC_ROOT_CLASS = YES_ERROR;
				CLANG_WARN_UNREACHABLE_CODE = YES;
				CLANG_WARN__DUPLICATE_METHOD_MATCH = YES;
				"CODE_SIGN_IDENTITY[sdk=iphoneos*]" = "iPhone Developer";
				COPY_PHASE_STRIP = NO;
				DEBUG_INFORMATION_FORMAT = dwarf;
				ENABLE_STRICT_OBJC_MSGSEND = YES;
				ENABLE_TESTABILITY = YES;
				GCC_C_LANGUAGE_STANDARD = gnu99;
				GCC_DYNAMIC_NO_PIC = NO;
				GCC_NO_COMMON_BLOCKS = YES;
				GCC_OPTIMIZATION_LEVEL = 0;
				GCC_PREPROCESSOR_DEFINITIONS = (
					"DEBUG=1",
					"$(inherited)",
				);
				GCC_WARN_64_TO_32_BIT_CONVERSION = YES;
				GCC_WARN_ABOUT_RETURN_TYPE = YES_ERROR;
				GCC_WARN_UNDECLARED_SELECTOR = YES;
				GCC_WARN_UNINITIALIZED_AUTOS = YES_AGGRESSIVE;
				GCC_WARN_UNUSED_FUNCTION = YES;
				GCC_WARN_UNUSED_VARIABLE = YES;
				IPHONEOS_DEPLOYMENT_TARGET = 9.2;
				MTL_ENABLE_DEBUG_INFO = YES;
				ONLY_ACTIVE_ARCH = YES;
				SDKROOT = iphoneos;
				SWIFT_OPTIMIZATION_LEVEL = "-Onone";
			};
			name = Debug;
		};
		3C8C29561C6ABEBF006D31EB /* Release */ = {
			isa = XCBuildConfiguration;
			buildSettings = {
				ALWAYS_SEARCH_USER_PATHS = NO;
				CLANG_CXX_LANGUAGE_STANDARD = "gnu++0x";
				CLANG_CXX_LIBRARY = "libc++";
				CLANG_ENABLE_MODULES = YES;
				CLANG_ENABLE_OBJC_ARC = YES;
				CLANG_WARN_BOOL_CONVERSION = YES;
				CLANG_WARN_CONSTANT_CONVERSION = YES;
				CLANG_WARN_DIRECT_OBJC_ISA_USAGE = YES_ERROR;
				CLANG_WARN_EMPTY_BODY = YES;
				CLANG_WARN_ENUM_CONVERSION = YES;
				CLANG_WARN_INT_CONVERSION = YES;
				CLANG_WARN_OBJC_ROOT_CLASS = YES_ERROR;
				CLANG_WARN_UNREACHABLE_CODE = YES;
				CLANG_WARN__DUPLICATE_METHOD_MATCH = YES;
				"CODE_SIGN_IDENTITY[sdk=iphoneos*]" = "iPhone Developer";
				COPY_PHASE_STRIP = NO;
				DEBUG_INFORMATION_FORMAT = "dwarf-with-dsym";
				ENABLE_NS_ASSERTIONS = NO;
				ENABLE_STRICT_OBJC_MSGSEND = YES;
				GCC_C_LANGUAGE_STANDARD = gnu99;
				GCC_NO_COMMON_BLOCKS = YES;
				GCC_WARN_64_TO_32_BIT_CONVERSION = YES;
				GCC_WARN_ABOUT_RETURN_TYPE = YES_ERROR;
				GCC_WARN_UNDECLARED_SELECTOR = YES;
				GCC_WARN_UNINITIALIZED_AUTOS = YES_AGGRESSIVE;
				GCC_WARN_UNUSED_FUNCTION = YES;
				GCC_WARN_UNUSED_VARIABLE = YES;
				IPHONEOS_DEPLOYMENT_TARGET = 9.2;
				MTL_ENABLE_DEBUG_INFO = NO;
				SDKROOT = iphoneos;
				VALIDATE_PRODUCT = YES;
			};
			name = Release;
		};
		3C8C29581C6ABEBF006D31EB /* Debug */ = {
			isa = XCBuildConfiguration;
			buildSettings = {
				ASSETCATALOG_COMPILER_APPICON_NAME = AppIcon;
				INFOPLIST_FILE = "Indata RSS Data/Info.plist";
				LD_RUNPATH_SEARCH_PATHS = "$(inherited) @executable_path/Frameworks";
				PRODUCT_BUNDLE_IDENTIFIER = "com.iupui.Indata-RSS-Data";
				PRODUCT_NAME = "$(TARGET_NAME)";
			};
			name = Debug;
		};
		3C8C29591C6ABEBF006D31EB /* Release */ = {
			isa = XCBuildConfiguration;
			buildSettings = {
				ASSETCATALOG_COMPILER_APPICON_NAME = AppIcon;
				INFOPLIST_FILE = "Indata RSS Data/Info.plist";
				LD_RUNPATH_SEARCH_PATHS = "$(inherited) @executable_path/Frameworks";
				PRODUCT_BUNDLE_IDENTIFIER = "com.iupui.Indata-RSS-Data";
				PRODUCT_NAME = "$(TARGET_NAME)";
			};
			name = Release;
		};
/* End XCBuildConfiguration section */

/* Begin XCConfigurationList section */
		3C8C29401C6ABEBF006D31EB /* Build configuration list for PBXProject "Indata RSS Data" */ = {
			isa = XCConfigurationList;
			buildConfigurations = (
				3C8C29551C6ABEBF006D31EB /* Debug */,
				3C8C29561C6ABEBF006D31EB /* Release */,
			);
			defaultConfigurationIsVisible = 0;
			defaultConfigurationName = Release;
		};
		3C8C29571C6ABEBF006D31EB /* Build configuration list for PBXNativeTarget "Indata RSS Data" */ = {
			isa = XCConfigurationList;
			buildConfigurations = (
				3C8C29581C6ABEBF006D31EB /* Debug */,
				3C8C29591C6ABEBF006D31EB /* Release */,
			);
			defaultConfigurationIsVisible = 0;
		};
/* End XCConfigurationList section */
	};
	rootObject = 3C8C293D1C6ABEBF006D31EB /* Project object */;
}
